// !$*UTF8*$!
{
	archiveVersion = 1;
	classes = {
	};
	objectVersion = 56;
	objects = {

/* Begin PBXBuildFile section */
		031844562A76E55900E936FF /* Puyo.swift in Sources */ = {isa = PBXBuildFile; fileRef = 031844552A76E55900E936FF /* Puyo.swift */; };
		03BD18F12A6317C000F39208 /* CellLayout.swift in Sources */ = {isa = PBXBuildFile; fileRef = 03BD18F02A6317C000F39208 /* CellLayout.swift */; };
		03D85EC62A76E69B00832353 /* GameView.swift in Sources */ = {isa = PBXBuildFile; fileRef = 03D85EC52A76E69B00832353 /* GameView.swift */; };
		03DAD2BC2A59DC31002CE2C5 /* GameModel.swift in Sources */ = {isa = PBXBuildFile; fileRef = 03DAD2BB2A59DC31002CE2C5 /* GameModel.swift */; };
		03DF8C502A59D1FE0036F01A /* PuyoPuyoApp.swift in Sources */ = {isa = PBXBuildFile; fileRef = 03DF8C4F2A59D1FE0036F01A /* PuyoPuyoApp.swift */; };
		03DF8C522A59D1FE0036F01A /* ContentView.swift in Sources */ = {isa = PBXBuildFile; fileRef = 03DF8C512A59D1FE0036F01A /* ContentView.swift */; };
		03DF8C542A59D2010036F01A /* Assets.xcassets in Resources */ = {isa = PBXBuildFile; fileRef = 03DF8C532A59D2010036F01A /* Assets.xcassets */; };
		03DF8C582A59D2010036F01A /* Preview Assets.xcassets in Resources */ = {isa = PBXBuildFile; fileRef = 03DF8C572A59D2010036F01A /* Preview Assets.xcassets */; };
/* End PBXBuildFile section */

/* Begin PBXFileReference section */
		031844552A76E55900E936FF /* Puyo.swift */ = {isa = PBXFileReference; fileEncoding = 4; lastKnownFileType = sourcecode.swift; path = Puyo.swift; sourceTree = "<group>"; };
		03BD18F02A6317C000F39208 /* CellLayout.swift */ = {isa = PBXFileReference; fileEncoding = 4; lastKnownFileType = sourcecode.swift; name = CellLayout.swift; path = CellLayout/Sources/CellLayout/CellLayout.swift; sourceTree = SOURCE_ROOT; };
		03D85EC52A76E69B00832353 /* GameView.swift */ = {isa = PBXFileReference; fileEncoding = 4; lastKnownFileType = sourcecode.swift; path = GameView.swift; sourceTree = "<group>"; };
		03DAD2BB2A59DC31002CE2C5 /* GameModel.swift */ = {isa = PBXFileReference; lastKnownFileType = sourcecode.swift; path = GameModel.swift; sourceTree = "<group>"; };
		03DAD2BD2A59DE38002CE2C5 /* MyPlayground.playground */ = {isa = PBXFileReference; lastKnownFileType = file.playground; path = MyPlayground.playground; sourceTree = SOURCE_ROOT; xcLanguageSpecificationIdentifier = xcode.lang.swift; };
		03DF8C4C2A59D1FE0036F01A /* PuyoPuyo.app */ = {isa = PBXFileReference; explicitFileType = wrapper.application; includeInIndex = 0; path = PuyoPuyo.app; sourceTree = BUILT_PRODUCTS_DIR; };
		03DF8C4F2A59D1FE0036F01A /* PuyoPuyoApp.swift */ = {isa = PBXFileReference; lastKnownFileType = sourcecode.swift; path = PuyoPuyoApp.swift; sourceTree = "<group>"; };
		03DF8C512A59D1FE0036F01A /* ContentView.swift */ = {isa = PBXFileReference; lastKnownFileType = sourcecode.swift; path = ContentView.swift; sourceTree = "<group>"; };
		03DF8C532A59D2010036F01A /* Assets.xcassets */ = {isa = PBXFileReference; lastKnownFileType = folder.assetcatalog; path = Assets.xcassets; sourceTree = "<group>"; };
		03DF8C552A59D2010036F01A /* PuyoPuyo.entitlements */ = {isa = PBXFileReference; lastKnownFileType = text.plist.entitlements; path = PuyoPuyo.entitlements; sourceTree = "<group>"; };
		03DF8C572A59D2010036F01A /* Preview Assets.xcassets */ = {isa = PBXFileReference; lastKnownFileType = folder.assetcatalog; path = "Preview Assets.xcassets"; sourceTree = "<group>"; };
/* End PBXFileReference section */

/* Begin PBXFrameworksBuildPhase section */
		03DF8C492A59D1FE0036F01A /* Frameworks */ = {
			isa = PBXFrameworksBuildPhase;
			buildActionMask = 2147483647;
			files = (
			);
			runOnlyForDeploymentPostprocessing = 0;
		};
/* End PBXFrameworksBuildPhase section */

/* Begin PBXGroup section */
		03DF8C432A59D1FE0036F01A = {
			isa = PBXGroup;
			children = (
				03DF8C4E2A59D1FE0036F01A /* PuyoPuyo */,
				03DF8C4D2A59D1FE0036F01A /* Products */,
			);
			sourceTree = "<group>";
		};
		03DF8C4D2A59D1FE0036F01A /* Products */ = {
			isa = PBXGroup;
			children = (
				03DF8C4C2A59D1FE0036F01A /* PuyoPuyo.app */,
			);
			name = Products;
			sourceTree = "<group>";
		};
		03DF8C4E2A59D1FE0036F01A /* PuyoPuyo */ = {
			isa = PBXGroup;
			children = (
				03DAD2BD2A59DE38002CE2C5 /* MyPlayground.playground */,
				03DF8C4F2A59D1FE0036F01A /* PuyoPuyoApp.swift */,
				03DF8C512A59D1FE0036F01A /* ContentView.swift */,
				03DAD2BB2A59DC31002CE2C5 /* GameModel.swift */,
				03D85EC52A76E69B00832353 /* GameView.swift */,
				03BD18F02A6317C000F39208 /* CellLayout.swift */,
				031844552A76E55900E936FF /* Puyo.swift */,
				03DF8C532A59D2010036F01A /* Assets.xcassets */,
				03DF8C552A59D2010036F01A /* PuyoPuyo.entitlements */,
				03DF8C562A59D2010036F01A /* Preview Content */,
			);
			path = PuyoPuyo;
			sourceTree = "<group>";
		};
		03DF8C562A59D2010036F01A /* Preview Content */ = {
			isa = PBXGroup;
			children = (
				03DF8C572A59D2010036F01A /* Preview Assets.xcassets */,
			);
			path = "Preview Content";
			sourceTree = "<group>";
		};
/* End PBXGroup section */

/* Begin PBXNativeTarget section */
		03DF8C4B2A59D1FE0036F01A /* PuyoPuyo */ = {
			isa = PBXNativeTarget;
			buildConfigurationList = 03DF8C5B2A59D2010036F01A /* Build configuration list for PBXNativeTarget "PuyoPuyo" */;
			buildPhases = (
				03DF8C482A59D1FE0036F01A /* Sources */,
				03DF8C492A59D1FE0036F01A /* Frameworks */,
				03DF8C4A2A59D1FE0036F01A /* Resources */,
			);
			buildRules = (
			);
			dependencies = (
			);
			name = PuyoPuyo;
			packageProductDependencies = (
			);
			productName = PuyoPuyo;
			productReference = 03DF8C4C2A59D1FE0036F01A /* PuyoPuyo.app */;
			productType = "com.apple.product-type.application";
		};
/* End PBXNativeTarget section */

/* Begin PBXProject section */
		03DF8C442A59D1FE0036F01A /* Project object */ = {
			isa = PBXProject;
			attributes = {
				BuildIndependentTargetsInParallel = 1;
				LastSwiftUpdateCheck = 1500;
				LastUpgradeCheck = 1500;
				TargetAttributes = {
					03DF8C4B2A59D1FE0036F01A = {
						CreatedOnToolsVersion = 15.0;
					};
				};
			};
			buildConfigurationList = 03DF8C472A59D1FE0036F01A /* Build configuration list for PBXProject "PuyoPuyo" */;
			compatibilityVersion = "Xcode 14.0";
			developmentRegion = en;
			hasScannedForEncodings = 0;
			knownRegions = (
				en,
				Base,
			);
			mainGroup = 03DF8C432A59D1FE0036F01A;
			packageReferences = (
			);
			productRefGroup = 03DF8C4D2A59D1FE0036F01A /* Products */;
			projectDirPath = "";
			projectRoot = "";
			targets = (
				03DF8C4B2A59D1FE0036F01A /* PuyoPuyo */,
			);
		};
/* End PBXProject section */

/* Begin PBXResourcesBuildPhase section */
		03DF8C4A2A59D1FE0036F01A /* Resources */ = {
			isa = PBXResourcesBuildPhase;
			buildActionMask = 2147483647;
			files = (
				03DF8C582A59D2010036F01A /* Preview Assets.xcassets in Resources */,
				03DF8C542A59D2010036F01A /* Assets.xcassets in Resources */,
			);
			runOnlyForDeploymentPostprocessing = 0;
		};
/* End PBXResourcesBuildPhase section */

/* Begin PBXSourcesBuildPhase section */
		03DF8C482A59D1FE0036F01A /* Sources */ = {
			isa = PBXSourcesBuildPhase;
			buildActionMask = 2147483647;
			files = (
				03DF8C522A59D1FE0036F01A /* ContentView.swift in Sources */,
				031844562A76E55900E936FF /* Puyo.swift in Sources */,
				03BD18F12A6317C000F39208 /* CellLayout.swift in Sources */,
				03DF8C502A59D1FE0036F01A /* PuyoPuyoApp.swift in Sources */,
				03D85EC62A76E69B00832353 /* GameView.swift in Sources */,
				03DAD2BC2A59DC31002CE2C5 /* GameModel.swift in Sources */,
			);
			runOnlyForDeploymentPostprocessing = 0;
		};
/* End PBXSourcesBuildPhase section */

/* Begin XCBuildConfiguration section */
		03DF8C592A59D2010036F01A /* Debug */ = {
			isa = XCBuildConfiguration;
			buildSettings = {
				ALWAYS_SEARCH_USER_PATHS = NO;
				ASSETCATALOG_COMPILER_GENERATE_SWIFT_ASSET_SYMBOL_EXTENSIONS = YES;
				CLANG_ANALYZER_NONNULL = YES;
				CLANG_ANALYZER_NUMBER_OBJECT_CONVERSION = YES_AGGRESSIVE;
				CLANG_CXX_LANGUAGE_STANDARD = "gnu++20";
				CLANG_ENABLE_MODULES = YES;
				CLANG_ENABLE_OBJC_ARC = YES;
				CLANG_ENABLE_OBJC_WEAK = YES;
				CLANG_WARN_BLOCK_CAPTURE_AUTORELEASING = YES;
				CLANG_WARN_BOOL_CONVERSION = YES;
				CLANG_WARN_COMMA = YES;
				CLANG_WARN_CONSTANT_CONVERSION = YES;
				CLANG_WARN_DEPRECATED_OBJC_IMPLEMENTATIONS = YES;
				CLANG_WARN_DIRECT_OBJC_ISA_USAGE = YES_ERROR;
				CLANG_WARN_DOCUMENTATION_COMMENTS = YES;
				CLANG_WARN_EMPTY_BODY = YES;
				CLANG_WARN_ENUM_CONVERSION = YES;
				CLANG_WARN_INFINITE_RECURSION = YES;
				CLANG_WARN_INT_CONVERSION = YES;
				CLANG_WARN_NON_LITERAL_NULL_CONVERSION = YES;
				CLANG_WARN_OBJC_IMPLICIT_RETAIN_SELF = YES;
				CLANG_WARN_OBJC_LITERAL_CONVERSION = YES;
				CLANG_WARN_OBJC_ROOT_CLASS = YES_ERROR;
				CLANG_WARN_QUOTED_INCLUDE_IN_FRAMEWORK_HEADER = YES;
				CLANG_WARN_RANGE_LOOP_ANALYSIS = YES;
				CLANG_WARN_STRICT_PROTOTYPES = YES;
				CLANG_WARN_SUSPICIOUS_MOVE = YES;
				CLANG_WARN_UNGUARDED_AVAILABILITY = YES_AGGRESSIVE;
				CLANG_WARN_UNREACHABLE_CODE = YES;
				CLANG_WARN__DUPLICATE_METHOD_MATCH = YES;
				COPY_PHASE_STRIP = NO;
				DEBUG_INFORMATION_FORMAT = dwarf;
				ENABLE_STRICT_OBJC_MSGSEND = YES;
				ENABLE_TESTABILITY = YES;
				ENABLE_USER_SCRIPT_SANDBOXING = YES;
				GCC_C_LANGUAGE_STANDARD = gnu17;
				GCC_DYNAMIC_NO_PIC = NO;
				GCC_NO_COMMON_BLOCKS = YES;
				GCC_OPTIMIZATION_LEVEL = 0;
				GCC_PREPROCESSOR_DEFINITIONS = (
					"DEBUG=1",
					"$(inherited)",
				);
				GCC_WARN_64_TO_32_BIT_CONVERSION = YES;
				GCC_WARN_ABOUT_RETURN_TYPE = YES_ERROR;
				GCC_WARN_UNDECLARED_SELECTOR = YES;
				GCC_WARN_UNINITIALIZED_AUTOS = YES_AGGRESSIVE;
				GCC_WARN_UNUSED_FUNCTION = YES;
				GCC_WARN_UNUSED_VARIABLE = YES;
				LOCALIZATION_PREFERS_STRING_CATALOGS = YES;
				MTL_ENABLE_DEBUG_INFO = INCLUDE_SOURCE;
				MTL_FAST_MATH = YES;
				ONLY_ACTIVE_ARCH = YES;
				SWIFT_ACTIVE_COMPILATION_CONDITIONS = "DEBUG $(inherited)";
				SWIFT_OPTIMIZATION_LEVEL = "-Onone";
			};
			name = Debug;
		};
		03DF8C5A2A59D2010036F01A /* Release */ = {
			isa = XCBuildConfiguration;
			buildSettings = {
				ALWAYS_SEARCH_USER_PATHS = NO;
				ASSETCATALOG_COMPILER_GENERATE_SWIFT_ASSET_SYMBOL_EXTENSIONS = YES;
				CLANG_ANALYZER_NONNULL = YES;
				CLANG_ANALYZER_NUMBER_OBJECT_CONVERSION = YES_AGGRESSIVE;
				CLANG_CXX_LANGUAGE_STANDARD = "gnu++20";
				CLANG_ENABLE_MODULES = YES;
				CLANG_ENABLE_OBJC_ARC = YES;
				CLANG_ENABLE_OBJC_WEAK = YES;
				CLANG_WARN_BLOCK_CAPTURE_AUTORELEASING = YES;
				CLANG_WARN_BOOL_CONVERSION = YES;
				CLANG_WARN_COMMA = YES;
				CLANG_WARN_CONSTANT_CONVERSION = YES;
				CLANG_WARN_DEPRECATED_OBJC_IMPLEMENTATIONS = YES;
				CLANG_WARN_DIRECT_OBJC_ISA_USAGE = YES_ERROR;
				CLANG_WARN_DOCUMENTATION_COMMENTS = YES;
				CLANG_WARN_EMPTY_BODY = YES;
				CLANG_WARN_ENUM_CONVERSION = YES;
				CLANG_WARN_INFINITE_RECURSION = YES;
				CLANG_WARN_INT_CONVERSION = YES;
				CLANG_WARN_NON_LITERAL_NULL_CONVERSION = YES;
				CLANG_WARN_OBJC_IMPLICIT_RETAIN_SELF = YES;
				CLANG_WARN_OBJC_LITERAL_CONVERSION = YES;
				CLANG_WARN_OBJC_ROOT_CLASS = YES_ERROR;
				CLANG_WARN_QUOTED_INCLUDE_IN_FRAMEWORK_HEADER = YES;
				CLANG_WARN_RANGE_LOOP_ANALYSIS = YES;
				CLANG_WARN_STRICT_PROTOTYPES = YES;
				CLANG_WARN_SUSPICIOUS_MOVE = YES;
				CLANG_WARN_UNGUARDED_AVAILABILITY = YES_AGGRESSIVE;
				CLANG_WARN_UNREACHABLE_CODE = YES;
				CLANG_WARN__DUPLICATE_METHOD_MATCH = YES;
				COPY_PHASE_STRIP = NO;
				DEBUG_INFORMATION_FORMAT = "dwarf-with-dsym";
				ENABLE_NS_ASSERTIONS = NO;
				ENABLE_STRICT_OBJC_MSGSEND = YES;
				ENABLE_USER_SCRIPT_SANDBOXING = YES;
				GCC_C_LANGUAGE_STANDARD = gnu17;
				GCC_NO_COMMON_BLOCKS = YES;
				GCC_WARN_64_TO_32_BIT_CONVERSION = YES;
				GCC_WARN_ABOUT_RETURN_TYPE = YES_ERROR;
				GCC_WARN_UNDECLARED_SELECTOR = YES;
				GCC_WARN_UNINITIALIZED_AUTOS = YES_AGGRESSIVE;
				GCC_WARN_UNUSED_FUNCTION = YES;
				GCC_WARN_UNUSED_VARIABLE = YES;
				LOCALIZATION_PREFERS_STRING_CATALOGS = YES;
				MTL_ENABLE_DEBUG_INFO = NO;
				MTL_FAST_MATH = YES;
				SWIFT_COMPILATION_MODE = wholemodule;
			};
			name = Release;
		};
		03DF8C5C2A59D2010036F01A /* Debug */ = {
			isa = XCBuildConfiguration;
			buildSettings = {
				ASSETCATALOG_COMPILER_APPICON_NAME = AppIcon;
				ASSETCATALOG_COMPILER_GLOBAL_ACCENT_COLOR_NAME = AccentColor;
				CODE_SIGN_ENTITLEMENTS = PuyoPuyo/PuyoPuyo.entitlements;
				CODE_SIGN_STYLE = Automatic;
				CURRENT_PROJECT_VERSION = 1;
				DEVELOPMENT_ASSET_PATHS = "\"PuyoPuyo/Preview Content\"";
				DEVELOPMENT_TEAM = L4WMJSL77G;
				ENABLE_HARDENED_RUNTIME = YES;
				ENABLE_PREVIEWS = YES;
				GENERATE_INFOPLIST_FILE = YES;
				"INFOPLIST_KEY_UIApplicationSceneManifest_Generation[sdk=iphoneos*]" = YES;
				"INFOPLIST_KEY_UIApplicationSceneManifest_Generation[sdk=iphonesimulator*]" = YES;
				"INFOPLIST_KEY_UIApplicationSupportsIndirectInputEvents[sdk=iphoneos*]" = YES;
				"INFOPLIST_KEY_UIApplicationSupportsIndirectInputEvents[sdk=iphonesimulator*]" = YES;
				"INFOPLIST_KEY_UILaunchScreen_Generation[sdk=iphoneos*]" = YES;
				"INFOPLIST_KEY_UILaunchScreen_Generation[sdk=iphonesimulator*]" = YES;
				"INFOPLIST_KEY_UIStatusBarStyle[sdk=iphoneos*]" = UIStatusBarStyleDefault;
				"INFOPLIST_KEY_UIStatusBarStyle[sdk=iphonesimulator*]" = UIStatusBarStyleDefault;
				INFOPLIST_KEY_UISupportedInterfaceOrientations_iPad = "UIInterfaceOrientationPortrait UIInterfaceOrientationPortraitUpsideDown UIInterfaceOrientationLandscapeLeft UIInterfaceOrientationLandscapeRight";
				INFOPLIST_KEY_UISupportedInterfaceOrientations_iPhone = "UIInterfaceOrientationPortrait UIInterfaceOrientationLandscapeLeft UIInterfaceOrientationLandscapeRight";
				IPHONEOS_DEPLOYMENT_TARGET = 17.0;
				LD_RUNPATH_SEARCH_PATHS = "@executable_path/Frameworks";
				"LD_RUNPATH_SEARCH_PATHS[sdk=macosx*]" = "@executable_path/../Frameworks";
				MACOSX_DEPLOYMENT_TARGET = 14.0;
				MARKETING_VERSION = 1.0;
				PRODUCT_BUNDLE_IDENTIFIER = com.josh.PuyoPuyo;
				PRODUCT_NAME = "$(TARGET_NAME)";
				SDKROOT = auto;
				SUPPORTED_PLATFORMS = "iphoneos iphonesimulator";
				SUPPORTS_MACCATALYST = YES;
				SWIFT_EMIT_LOC_STRINGS = YES;
				SWIFT_VERSION = 5.0;
				TARGETED_DEVICE_FAMILY = "1,2";
			};
			name = Debug;
		};
		03DF8C5D2A59D2010036F01A /* Release */ = {
			isa = XCBuildConfiguration;
			buildSettings = {
				ASSETCATALOG_COMPILER_APPICON_NAME = AppIcon;
				ASSETCATALOG_COMPILER_GLOBAL_ACCENT_COLOR_NAME = AccentColor;
				CODE_SIGN_ENTITLEMENTS = PuyoPuyo/PuyoPuyo.entitlements;
				CODE_SIGN_STYLE = Automatic;
				CURRENT_PROJECT_VERSION = 1;
				DEVELOPMENT_ASSET_PATHS = "\"PuyoPuyo/Preview Content\"";
				DEVELOPMENT_TEAM = L4WMJSL77G;
				ENABLE_HARDENED_RUNTIME = YES;
				ENABLE_PREVIEWS = YES;
				GENERATE_INFOPLIST_FILE = YES;
				"INFOPLIST_KEY_UIApplicationSceneManifest_Generation[sdk=iphoneos*]" = YES;
				"INFOPLIST_KEY_UIApplicationSceneManifest_Generation[sdk=iphonesimulator*]" = YES;
				"INFOPLIST_KEY_UIApplicationSupportsIndirectInputEvents[sdk=iphoneos*]" = YES;
				"INFOPLIST_KEY_UIApplicationSupportsIndirectInputEvents[sdk=iphonesimulator*]" = YES;
				"INFOPLIST_KEY_UILaunchScreen_Generation[sdk=iphoneos*]" = YES;
				"INFOPLIST_KEY_UILaunchScreen_Generation[sdk=iphonesimulator*]" = YES;
				"INFOPLIST_KEY_UIStatusBarStyle[sdk=iphoneos*]" = UIStatusBarStyleDefault;
				"INFOPLIST_KEY_UIStatusBarStyle[sdk=iphonesimulator*]" = UIStatusBarStyleDefault;
				INFOPLIST_KEY_UISupportedInterfaceOrientations_iPad = "UIInterfaceOrientationPortrait UIInterfaceOrientationPortraitUpsideDown UIInterfaceOrientationLandscapeLeft UIInterfaceOrientationLandscapeRight";
				INFOPLIST_KEY_UISupportedInterfaceOrientations_iPhone = "UIInterfaceOrientationPortrait UIInterfaceOrientationLandscapeLeft UIInterfaceOrientationLandscapeRight";
				IPHONEOS_DEPLOYMENT_TARGET = 17.0;
				LD_RUNPATH_SEARCH_PATHS = "@executable_path/Frameworks";
				"LD_RUNPATH_SEARCH_PATHS[sdk=macosx*]" = "@executable_path/../Frameworks";
				MACOSX_DEPLOYMENT_TARGET = 14.0;
				MARKETING_VERSION = 1.0;
				PRODUCT_BUNDLE_IDENTIFIER = com.josh.PuyoPuyo;
				PRODUCT_NAME = "$(TARGET_NAME)";
				SDKROOT = auto;
				SUPPORTED_PLATFORMS = "iphoneos iphonesimulator";
				SUPPORTS_MACCATALYST = YES;
				SWIFT_EMIT_LOC_STRINGS = YES;
				SWIFT_VERSION = 5.0;
				TARGETED_DEVICE_FAMILY = "1,2";
			};
			name = Release;
		};
/* End XCBuildConfiguration section */

/* Begin XCConfigurationList section */
		03DF8C472A59D1FE0036F01A /* Build configuration list for PBXProject "PuyoPuyo" */ = {
			isa = XCConfigurationList;
			buildConfigurations = (
				03DF8C592A59D2010036F01A /* Debug */,
				03DF8C5A2A59D2010036F01A /* Release */,
			);
			defaultConfigurationIsVisible = 0;
			defaultConfigurationName = Release;
		};
		03DF8C5B2A59D2010036F01A /* Build configuration list for PBXNativeTarget "PuyoPuyo" */ = {
			isa = XCConfigurationList;
			buildConfigurations = (
				03DF8C5C2A59D2010036F01A /* Debug */,
				03DF8C5D2A59D2010036F01A /* Release */,
			);
			defaultConfigurationIsVisible = 0;
			defaultConfigurationName = Release;
		};
/* End XCConfigurationList section */
	};
	rootObject = 03DF8C442A59D1FE0036F01A /* Project object */;
}
